
Microsoft Visual Studio Solution File, Format Version 12.00
Project("{2150E333-8FDC-42A3-9474-1A3956D46DE8}") = "1", "1", "{6F72A4B4-4681-4E24-816D-6955BFB872B2}"
EndProject
Project("{FAE04EC0-301F-11D3-BF4B-00C04F79EFBC}") = "FirstTask", "1\FirstTask\FirstTask.csproj", "{803B0ED6-08B1-4FFB-89EC-A7106628D32C}"
EndProject
Project("{2150E333-8FDC-42A3-9474-1A3956D46DE8}") = "2", "2", "{DFE96039-40D5-406C-86E2-B8B98919239B}"
EndProject
Project("{FAE04EC0-301F-11D3-BF4B-00C04F79EFBC}") = "SecondTask", "2\SecondTask\SecondTask.csproj", "{6CD04D45-748C-4360-B6EB-E740F2414AFE}"
EndProject
Project("{2150E333-8FDC-42A3-9474-1A3956D46DE8}") = "3", "3", "{9616D9A4-BAB4-4914-8C96-8FD9A37313F8}"
EndProject
Project("{FAE04EC0-301F-11D3-BF4B-00C04F79EFBC}") = "ThirdTask", "3\ThirdTask\ThirdTask.csproj", "{563F2148-AE0C-491D-BD1E-A78656DA9208}"
EndProject
Project("{2150E333-8FDC-42A3-9474-1A3956D46DE8}") = "4", "4", "{46C5726D-8CBC-4E64-842E-F4DA3F66327A}"
EndProject
Project("{FAE04EC0-301F-11D3-BF4B-00C04F79EFBC}") = "FourthTask", "4\FourthTask\FourthTask.csproj", "{6146DBBB-4FF6-45CB-BEB3-304ADDBDE7F7}"
EndProject
Global
	GlobalSection(SolutionConfigurationPlatforms) = preSolution
		Debug|Any CPU = Debug|Any CPU
		Release|Any CPU = Release|Any CPU
	EndGlobalSection
	GlobalSection(NestedProjects) = preSolution
		{803B0ED6-08B1-4FFB-89EC-A7106628D32C} = {6F72A4B4-4681-4E24-816D-6955BFB872B2}
		{6CD04D45-748C-4360-B6EB-E740F2414AFE} = {DFE96039-40D5-406C-86E2-B8B98919239B}
		{563F2148-AE0C-491D-BD1E-A78656DA9208} = {9616D9A4-BAB4-4914-8C96-8FD9A37313F8}
		{6146DBBB-4FF6-45CB-BEB3-304ADDBDE7F7} = {46C5726D-8CBC-4E64-842E-F4DA3F66327A}
	EndGlobalSection
	GlobalSection(ProjectConfigurationPlatforms) = postSolution
		{803B0ED6-08B1-4FFB-89EC-A7106628D32C}.Debug|Any CPU.ActiveCfg = Debug|Any CPU
		{803B0ED6-08B1-4FFB-89EC-A7106628D32C}.Debug|Any CPU.Build.0 = Debug|Any CPU
		{803B0ED6-08B1-4FFB-89EC-A7106628D32C}.Release|Any CPU.ActiveCfg = Release|Any CPU
		{803B0ED6-08B1-4FFB-89EC-A7106628D32C}.Release|Any CPU.Build.0 = Release|Any CPU
		{6CD04D45-748C-4360-B6EB-E740F2414AFE}.Debug|Any CPU.ActiveCfg = Debug|Any CPU
		{6CD04D45-748C-4360-B6EB-E740F2414AFE}.Debug|Any CPU.Build.0 = Debug|Any CPU
		{6CD04D45-748C-4360-B6EB-E740F2414AFE}.Release|Any CPU.ActiveCfg = Release|Any CPU
		{6CD04D45-748C-4360-B6EB-E740F2414AFE}.Release|Any CPU.Build.0 = Release|Any CPU
		{563F2148-AE0C-491D-BD1E-A78656DA9208}.Debug|Any CPU.ActiveCfg = Debug|Any CPU
		{563F2148-AE0C-491D-BD1E-A78656DA9208}.Debug|Any CPU.Build.0 = Debug|Any CPU
		{563F2148-AE0C-491D-BD1E-A78656DA9208}.Release|Any CPU.ActiveCfg = Release|Any CPU
		{563F2148-AE0C-491D-BD1E-A78656DA9208}.Release|Any CPU.Build.0 = Release|Any CPU
		{6146DBBB-4FF6-45CB-BEB3-304ADDBDE7F7}.Debug|Any CPU.ActiveCfg = Debug|Any CPU
		{6146DBBB-4FF6-45CB-BEB3-304ADDBDE7F7}.Debug|Any CPU.Build.0 = Debug|Any CPU
		{6146DBBB-4FF6-45CB-BEB3-304ADDBDE7F7}.Release|Any CPU.ActiveCfg = Release|Any CPU
		{6146DBBB-4FF6-45CB-BEB3-304ADDBDE7F7}.Release|Any CPU.Build.0 = Release|Any CPU
	EndGlobalSection
EndGlobal
